
Microsoft Visual Studio Solution File, Format Version 12.00
# Visual Studio 15
VisualStudioVersion = 15.0.28307.421
MinimumVisualStudioVersion = 10.0.40219.1
Project("{9A19103F-16F7-4668-BE54-9A1E7A4F7556}") = "1HospitalDatabase", "1HospitalDatabase\1HospitalDatabase.csproj", "{4D4BACCE-1CAA-4AD7-8E4F-5A1BA48AD0E3}"
EndProject
Project("{FAE04EC0-301F-11D3-BF4B-00C04F79EFBC}") = "P03_SalesDatabase", "P03_SalesDatabase\P03_SalesDatabase.csproj", "{E1409204-750F-4D46-B076-6E3AA161A3A8}"
EndProject
Global
	GlobalSection(SolutionConfigurationPlatforms) = preSolution
		Debug|Any CPU = Debug|Any CPU
		Release|Any CPU = Release|Any CPU
	EndGlobalSection
	GlobalSection(ProjectConfigurationPlatforms) = postSolution
		{4D4BACCE-1CAA-4AD7-8E4F-5A1BA48AD0E3}.Debug|Any CPU.ActiveCfg = Debug|Any CPU
		{4D4BACCE-1CAA-4AD7-8E4F-5A1BA48AD0E3}.Debug|Any CPU.Build.0 = Debug|Any CPU
		{4D4BACCE-1CAA-4AD7-8E4F-5A1BA48AD0E3}.Release|Any CPU.ActiveCfg = Release|Any CPU
		{4D4BACCE-1CAA-4AD7-8E4F-5A1BA48AD0E3}.Release|Any CPU.Build.0 = Release|Any CPU
		{E1409204-750F-4D46-B076-6E3AA161A3A8}.Debug|Any CPU.ActiveCfg = Debug|Any CPU
		{E1409204-750F-4D46-B076-6E3AA161A3A8}.Debug|Any CPU.Build.0 = Debug|Any CPU
		{E1409204-750F-4D46-B076-6E3AA161A3A8}.Release|Any CPU.ActiveCfg = Release|Any CPU
		{E1409204-750F-4D46-B076-6E3AA161A3A8}.Release|Any CPU.Build.0 = Release|Any CPU
	EndGlobalSection
	GlobalSection(SolutionProperties) = preSolution
		HideSolutionNode = FALSE
	EndGlobalSection
	GlobalSection(ExtensibilityGlobals) = postSolution
		SolutionGuid = {95B53522-1BC2-46CA-95C2-5BAE65E118E7}
	EndGlobalSection
EndGlobal
